// !$*UTF8*$!
{
	archiveVersion = 1;
	classes = {
	};
	objectVersion = 77;
	objects = {

/* Begin PBXBuildFile section */
		3F37BBD53C0D28031A588F8D /* ZylixWatchApp.swift in Sources */ = {isa = PBXBuildFile; fileRef = BC31E7634D2D0161696B18F5 /* ZylixWatchApp.swift */; };
		A74D5B49D302F1266742CB1E /* ContentView.swift in Sources */ = {isa = PBXBuildFile; fileRef = 73F4B89F503152E3DCCBC297 /* ContentView.swift */; };
		EF8EF233739332E2877B8571 /* ZylixBridge.swift in Sources */ = {isa = PBXBuildFile; fileRef = 4A760BBB2FBC10FAAFF19D74 /* ZylixBridge.swift */; };
/* End PBXBuildFile section */

/* Begin PBXFileReference section */
		0CE41908A32E29D62ACAA159 /* Zylix-Bridging-Header.h */ = {isa = PBXFileReference; lastKnownFileType = sourcecode.c.h; path = "Zylix-Bridging-Header.h"; sourceTree = "<group>"; };
		4A760BBB2FBC10FAAFF19D74 /* ZylixBridge.swift */ = {isa = PBXFileReference; lastKnownFileType = sourcecode.swift; path = ZylixBridge.swift; sourceTree = "<group>"; };
		4FC195EB96D6390D596E523F /* ZylixWatch.app */ = {isa = PBXFileReference; explicitFileType = wrapper.application; includeInIndex = 0; path = ZylixWatch.app; sourceTree = BUILT_PRODUCTS_DIR; };
		73F4B89F503152E3DCCBC297 /* ContentView.swift */ = {isa = PBXFileReference; lastKnownFileType = sourcecode.swift; path = ContentView.swift; sourceTree = "<group>"; };
		BC31E7634D2D0161696B18F5 /* ZylixWatchApp.swift */ = {isa = PBXFileReference; lastKnownFileType = sourcecode.swift; path = ZylixWatchApp.swift; sourceTree = "<group>"; };
/* End PBXFileReference section */

/* Begin PBXGroup section */
		254B46FE7F23CC3C41789681 = {
			isa = PBXGroup;
			children = (
				F79C6C00FE493F36E452A648 /* Sources */,
				C79C12CB8AE61B568863C27C /* Products */,
			);
			sourceTree = "<group>";
		};
		C79C12CB8AE61B568863C27C /* Products */ = {
			isa = PBXGroup;
			children = (
				4FC195EB96D6390D596E523F /* ZylixWatch.app */,
			);
			name = Products;
			sourceTree = "<group>";
		};
		F79C6C00FE493F36E452A648 /* Sources */ = {
			isa = PBXGroup;
			children = (
				73F4B89F503152E3DCCBC297 /* ContentView.swift */,
				0CE41908A32E29D62ACAA159 /* Zylix-Bridging-Header.h */,
				4A760BBB2FBC10FAAFF19D74 /* ZylixBridge.swift */,
				BC31E7634D2D0161696B18F5 /* ZylixWatchApp.swift */,
			);
			name = Sources;
			path = ZylixWatch/Sources;
			sourceTree = "<group>";
		};
/* End PBXGroup section */

/* Begin PBXNativeTarget section */
		39E038FA2948299D78BA89FE /* ZylixWatch */ = {
			isa = PBXNativeTarget;
			buildConfigurationList = 570481633657CB5B9CFE286D /* Build configuration list for PBXNativeTarget "ZylixWatch" */;
			buildPhases = (
				FE987795E427B066912FDE61 /* Build Zylix Core */,
				213CFAAB9F17E13879D264DB /* Sources */,
			);
			buildRules = (
			);
			dependencies = (
			);
			name = ZylixWatch;
			packageProductDependencies = (
			);
			productName = ZylixWatch;
			productReference = 4FC195EB96D6390D596E523F /* ZylixWatch.app */;
			productType = "com.apple.product-type.application";
		};
/* End PBXNativeTarget section */

/* Begin PBXProject section */
		17B06284E6988FCFF74CABF7 /* Project object */ = {
			isa = PBXProject;
			attributes = {
				BuildIndependentTargetsInParallel = YES;
				LastUpgradeCheck = 1500;
				TargetAttributes = {
					39E038FA2948299D78BA89FE = {
						DevelopmentTeam = "";
						ProvisioningStyle = Automatic;
					};
				};
			};
			buildConfigurationList = D55DA7F3BD69222823B1EEA9 /* Build configuration list for PBXProject "ZylixWatch" */;
			compatibilityVersion = "Xcode 14.0";
			developmentRegion = en;
			hasScannedForEncodings = 0;
			knownRegions = (
				Base,
				en,
			);
			mainGroup = 254B46FE7F23CC3C41789681;
			minimizedProjectReferenceProxies = 1;
			preferredProjectObjectVersion = 77;
			projectDirPath = "";
			projectRoot = "";
			targets = (
				39E038FA2948299D78BA89FE /* ZylixWatch */,
			);
		};
/* End PBXProject section */

/* Begin PBXShellScriptBuildPhase section */
		FE987795E427B066912FDE61 /* Build Zylix Core */ = {
			isa = PBXShellScriptBuildPhase;
			alwaysOutOfDate = 1;
			buildActionMask = 2147483647;
			files = (
			);
			inputFileListPaths = (
			);
			inputPaths = (
			);
			name = "Build Zylix Core";
			outputFileListPaths = (
			);
			outputPaths = (
			);
			runOnlyForDeploymentPostprocessing = 0;
			shellPath = /bin/sh;
			shellScript = "set -e\ncd \"${PROJECT_DIR}/../../core\"\n\n# Determine target\nif [ \"${PLATFORM_NAME}\" = \"watchsimulator\" ]; then\n  ZIG_TARGET=\"watchos-sim\"\n  LIB_DIR=\"watchos-simulator\"\nelse\n  ZIG_TARGET=\"watchos\"\n  LIB_DIR=\"watchos\"\nfi\n\n# Build Zylix Core\necho \"Building Zylix Core for ${ZIG_TARGET}...\"\nzig build ${ZIG_TARGET} -Doptimize=ReleaseFast\n\n# Copy library\nmkdir -p \"${PROJECT_DIR}/ZylixWatch/Libraries\"\ncp \"zig-out/${LIB_DIR}/libzylix.a\" \"${PROJECT_DIR}/ZylixWatch/Libraries/\"\necho \"Copied libzylix.a to Libraries/\"\n";
		};
/* End PBXShellScriptBuildPhase section */

/* Begin PBXSourcesBuildPhase section */
		213CFAAB9F17E13879D264DB /* Sources */ = {
			isa = PBXSourcesBuildPhase;
			buildActionMask = 2147483647;
			files = (
				A74D5B49D302F1266742CB1E /* ContentView.swift in Sources */,
				EF8EF233739332E2877B8571 /* ZylixBridge.swift in Sources */,
				3F37BBD53C0D28031A588F8D /* ZylixWatchApp.swift in Sources */,
			);
			runOnlyForDeploymentPostprocessing = 0;
		};
/* End PBXSourcesBuildPhase section */

/* Begin XCBuildConfiguration section */
		65595B2527C1EB8876010905 /* Release */ = {
			isa = XCBuildConfiguration;
			buildSettings = {
				ASSETCATALOG_COMPILER_APPICON_NAME = AppIcon;
				DEBUG_INFORMATION_FORMAT = "dwarf-with-dsym";
				ENABLE_USER_SCRIPT_SANDBOXING = NO;
				INFOPLIST_FILE = ZylixWatch/Resources/Info.plist;
				INSTALL_PATH = "$(LOCAL_APPS_DIR)";
				LIBRARY_SEARCH_PATHS = (
					"$(inherited)",
					"$(PROJECT_DIR)/ZylixWatch/Libraries",
				);
				OTHER_LDFLAGS = (
					"-lzylix",
				);
				PRODUCT_BUNDLE_IDENTIFIER = com.zylix.watch;
				SDKROOT = watchos;
				SKIP_INSTALL = NO;
				SWIFT_OBJC_BRIDGING_HEADER = "ZylixWatch/Sources/Zylix-Bridging-Header.h";
				SWIFT_OPTIMIZATION_LEVEL = "-O";
				TARGETED_DEVICE_FAMILY = 4;
				WATCHOS_DEPLOYMENT_TARGET = 10.0;
			};
			name = Release;
		};
		6A01A798DDBC6711D974AC3B /* Release */ = {
			isa = XCBuildConfiguration;
			buildSettings = {
				ALWAYS_SEARCH_USER_PATHS = NO;
				ARCHS = arm64;
				CLANG_ANALYZER_NONNULL = YES;
				CLANG_ANALYZER_NUMBER_OBJECT_CONVERSION = YES_AGGRESSIVE;
				CLANG_CXX_LANGUAGE_STANDARD = "gnu++14";
				CLANG_CXX_LIBRARY = "libc++";
				CLANG_ENABLE_MODULES = YES;
				CLANG_ENABLE_OBJC_ARC = YES;
				CLANG_ENABLE_OBJC_WEAK = YES;
				CLANG_WARN_BLOCK_CAPTURE_AUTORELEASING = YES;
				CLANG_WARN_BOOL_CONVERSION = YES;
				CLANG_WARN_COMMA = YES;
				CLANG_WARN_CONSTANT_CONVERSION = YES;
				CLANG_WARN_DEPRECATED_OBJC_IMPLEMENTATIONS = YES;
				CLANG_WARN_DIRECT_OBJC_ISA_USAGE = YES_ERROR;
				CLANG_WARN_DOCUMENTATION_COMMENTS = YES;
				CLANG_WARN_EMPTY_BODY = YES;
				CLANG_WARN_ENUM_CONVERSION = YES;
				CLANG_WARN_INFINITE_RECURSION = YES;
				CLANG_WARN_INT_CONVERSION = YES;
				CLANG_WARN_NON_LITERAL_NULL_CONVERSION = YES;
				CLANG_WARN_OBJC_IMPLICIT_RETAIN_SELF = YES;
				CLANG_WARN_OBJC_LITERAL_CONVERSION = YES;
				CLANG_WARN_OBJC_ROOT_CLASS = YES_ERROR;
				CLANG_WARN_QUOTED_INCLUDE_IN_FRAMEWORK_HEADER = YES;
				CLANG_WARN_RANGE_LOOP_ANALYSIS = YES;
				CLANG_WARN_STRICT_PROTOTYPES = YES;
				CLANG_WARN_SUSPICIOUS_MOVE = YES;
				CLANG_WARN_UNGUARDED_AVAILABILITY = YES_AGGRESSIVE;
				CLANG_WARN_UNREACHABLE_CODE = YES;
				CLANG_WARN__DUPLICATE_METHOD_MATCH = YES;
				CODE_SIGN_STYLE = Automatic;
				COPY_PHASE_STRIP = NO;
				DEBUG_INFORMATION_FORMAT = "dwarf-with-dsym";
				DEVELOPMENT_TEAM = "";
				ENABLE_NS_ASSERTIONS = NO;
				ENABLE_STRICT_OBJC_MSGSEND = YES;
				GCC_C_LANGUAGE_STANDARD = gnu11;
				GCC_NO_COMMON_BLOCKS = YES;
				GCC_WARN_64_TO_32_BIT_CONVERSION = YES;
				GCC_WARN_ABOUT_RETURN_TYPE = YES_ERROR;
				GCC_WARN_UNDECLARED_SELECTOR = YES;
				GCC_WARN_UNINITIALIZED_AUTOS = YES_AGGRESSIVE;
				GCC_WARN_UNUSED_FUNCTION = YES;
				GCC_WARN_UNUSED_VARIABLE = YES;
				MTL_ENABLE_DEBUG_INFO = NO;
				MTL_FAST_MATH = YES;
				ONLY_ACTIVE_ARCH = YES;
				PRODUCT_NAME = "$(TARGET_NAME)";
				SDKROOT = watchos;
				SUPPORTS_MACCATALYST = NO;
				SWIFT_COMPILATION_MODE = wholemodule;
				SWIFT_OPTIMIZATION_LEVEL = "-O";
				SWIFT_VERSION = 5.9;
				TARGETED_DEVICE_FAMILY = 4;
				WATCHOS_DEPLOYMENT_TARGET = 10.0;
			};
			name = Release;
		};
		C90A37DBB451388A53C3EA36 /* Debug */ = {
			isa = XCBuildConfiguration;
			buildSettings = {
				ALWAYS_SEARCH_USER_PATHS = NO;
				ARCHS = arm64;
				CLANG_ANALYZER_NONNULL = YES;
				CLANG_ANALYZER_NUMBER_OBJECT_CONVERSION = YES_AGGRESSIVE;
				CLANG_CXX_LANGUAGE_STANDARD = "gnu++14";
				CLANG_CXX_LIBRARY = "libc++";
				CLANG_ENABLE_MODULES = YES;
				CLANG_ENABLE_OBJC_ARC = YES;
				CLANG_ENABLE_OBJC_WEAK = YES;
				CLANG_WARN_BLOCK_CAPTURE_AUTORELEASING = YES;
				CLANG_WARN_BOOL_CONVERSION = YES;
				CLANG_WARN_COMMA = YES;
				CLANG_WARN_CONSTANT_CONVERSION = YES;
				CLANG_WARN_DEPRECATED_OBJC_IMPLEMENTATIONS = YES;
				CLANG_WARN_DIRECT_OBJC_ISA_USAGE = YES_ERROR;
				CLANG_WARN_DOCUMENTATION_COMMENTS = YES;
				CLANG_WARN_EMPTY_BODY = YES;
				CLANG_WARN_ENUM_CONVERSION = YES;
				CLANG_WARN_INFINITE_RECURSION = YES;
				CLANG_WARN_INT_CONVERSION = YES;
				CLANG_WARN_NON_LITERAL_NULL_CONVERSION = YES;
				CLANG_WARN_OBJC_IMPLICIT_RETAIN_SELF = YES;
				CLANG_WARN_OBJC_LITERAL_CONVERSION = YES;
				CLANG_WARN_OBJC_ROOT_CLASS = YES_ERROR;
				CLANG_WARN_QUOTED_INCLUDE_IN_FRAMEWORK_HEADER = YES;
				CLANG_WARN_RANGE_LOOP_ANALYSIS = YES;
				CLANG_WARN_STRICT_PROTOTYPES = YES;
				CLANG_WARN_SUSPICIOUS_MOVE = YES;
				CLANG_WARN_UNGUARDED_AVAILABILITY = YES_AGGRESSIVE;
				CLANG_WARN_UNREACHABLE_CODE = YES;
				CLANG_WARN__DUPLICATE_METHOD_MATCH = YES;
				CODE_SIGN_STYLE = Automatic;
				COPY_PHASE_STRIP = NO;
				DEBUG_INFORMATION_FORMAT = dwarf;
				DEVELOPMENT_TEAM = "";
				ENABLE_STRICT_OBJC_MSGSEND = YES;
				ENABLE_TESTABILITY = YES;
				GCC_C_LANGUAGE_STANDARD = gnu11;
				GCC_DYNAMIC_NO_PIC = NO;
				GCC_NO_COMMON_BLOCKS = YES;
				GCC_OPTIMIZATION_LEVEL = 0;
				GCC_PREPROCESSOR_DEFINITIONS = (
					"$(inherited)",
					"DEBUG=1",
				);
				GCC_WARN_64_TO_32_BIT_CONVERSION = YES;
				GCC_WARN_ABOUT_RETURN_TYPE = YES_ERROR;
				GCC_WARN_UNDECLARED_SELECTOR = YES;
				GCC_WARN_UNINITIALIZED_AUTOS = YES_AGGRESSIVE;
				GCC_WARN_UNUSED_FUNCTION = YES;
				GCC_WARN_UNUSED_VARIABLE = YES;
				MTL_ENABLE_DEBUG_INFO = INCLUDE_SOURCE;
				MTL_FAST_MATH = YES;
				ONLY_ACTIVE_ARCH = YES;
				PRODUCT_NAME = "$(TARGET_NAME)";
				SDKROOT = watchos;
				SUPPORTS_MACCATALYST = NO;
				SWIFT_ACTIVE_COMPILATION_CONDITIONS = DEBUG;
				SWIFT_OPTIMIZATION_LEVEL = "-Onone";
				SWIFT_VERSION = 5.9;
				TARGETED_DEVICE_FAMILY = 4;
				WATCHOS_DEPLOYMENT_TARGET = 10.0;
			};
			name = Debug;
		};
		D884B0EAA821BA649D97D440 /* Debug */ = {
			isa = XCBuildConfiguration;
			buildSettings = {
				ASSETCATALOG_COMPILER_APPICON_NAME = AppIcon;
				DEBUG_INFORMATION_FORMAT = "dwarf-with-dsym";
				ENABLE_USER_SCRIPT_SANDBOXING = NO;
				INFOPLIST_FILE = ZylixWatch/Resources/Info.plist;
				INSTALL_PATH = "$(LOCAL_APPS_DIR)";
				LIBRARY_SEARCH_PATHS = (
					"$(inherited)",
					"$(PROJECT_DIR)/ZylixWatch/Libraries",
				);
				OTHER_LDFLAGS = (
					"-lzylix",
				);
				PRODUCT_BUNDLE_IDENTIFIER = com.zylix.watch;
				SDKROOT = watchos;
				SKIP_INSTALL = NO;
				SWIFT_OBJC_BRIDGING_HEADER = "ZylixWatch/Sources/Zylix-Bridging-Header.h";
				SWIFT_OPTIMIZATION_LEVEL = "-Onone";
				TARGETED_DEVICE_FAMILY = 4;
				WATCHOS_DEPLOYMENT_TARGET = 10.0;
			};
			name = Debug;
		};
/* End XCBuildConfiguration section */

/* Begin XCConfigurationList section */
		570481633657CB5B9CFE286D /* Build configuration list for PBXNativeTarget "ZylixWatch" */ = {
			isa = XCConfigurationList;
			buildConfigurations = (
				D884B0EAA821BA649D97D440 /* Debug */,
				65595B2527C1EB8876010905 /* Release */,
			);
			defaultConfigurationIsVisible = 0;
			defaultConfigurationName = Debug;
		};
		D55DA7F3BD69222823B1EEA9 /* Build configuration list for PBXProject "ZylixWatch" */ = {
			isa = XCConfigurationList;
			buildConfigurations = (
				C90A37DBB451388A53C3EA36 /* Debug */,
				6A01A798DDBC6711D974AC3B /* Release */,
			);
			defaultConfigurationIsVisible = 0;
			defaultConfigurationName = Debug;
		};
/* End XCConfigurationList section */
	};
	rootObject = 17B06284E6988FCFF74CABF7 /* Project object */;
}
