// !$*UTF8*$!
{
	archiveVersion = 1;
	classes = {
	};
	objectVersion = 77;
	objects = {

/* Begin PBXBuildFile section */
		1E318BF58825F9A67D483247 /* ContentView.swift in Sources */ = {isa = PBXBuildFile; fileRef = 37DFAA0407D4DF41AD2F392F /* ContentView.swift */; };
		5D18D9E84F88144FF85CCEFD /* ZylixApp.swift in Sources */ = {isa = PBXBuildFile; fileRef = 4CEE39EB5949C7C7C404455F /* ZylixApp.swift */; };
		9D9C92F8B2710FFE33BC9A48 /* ZylixBridge.swift in Sources */ = {isa = PBXBuildFile; fileRef = 11F4569C303AADD68BECCDB1 /* ZylixBridge.swift */; };
		A1B2C3D4E5F60001 /* TodoView.swift in Sources */ = {isa = PBXBuildFile; fileRef = A1B2C3D4E5F60002 /* TodoView.swift */; };
		A1B2C3D4E5F60003 /* TodoViewModel.swift in Sources */ = {isa = PBXBuildFile; fileRef = A1B2C3D4E5F60004 /* TodoViewModel.swift */; };
		B1C2D3E4F5A60001 /* TodoViewModelTests.swift in Sources */ = {isa = PBXBuildFile; fileRef = B1C2D3E4F5A60002 /* TodoViewModelTests.swift */; };
		C1D2E3F4A5B60001 /* ZylixDevice.swift in Sources */ = {isa = PBXBuildFile; fileRef = C1D2E3F4A5B60002 /* ZylixDevice.swift */; };
		D1E2F3A4B5C60001 /* DeviceTestView.swift in Sources */ = {isa = PBXBuildFile; fileRef = D1E2F3A4B5C60002 /* DeviceTestView.swift */; };
/* End PBXBuildFile section */

/* Begin PBXContainerItemProxy section */
		B1C2D3E4F5A60003 /* PBXContainerItemProxy */ = {
			isa = PBXContainerItemProxy;
			containerPortal = 1BE5B4428E174D8FC8A3DE8B /* Project object */;
			proxyType = 1;
			remoteGlobalIDString = 13AD22E5E6ACD574E8DF0CE3;
			remoteInfo = Zylix;
		};
/* End PBXContainerItemProxy section */

/* Begin PBXFileReference section */
		11F4569C303AADD68BECCDB1 /* ZylixBridge.swift */ = {isa = PBXFileReference; lastKnownFileType = sourcecode.swift; path = ZylixBridge.swift; sourceTree = "<group>"; };
		37DFAA0407D4DF41AD2F392F /* ContentView.swift */ = {isa = PBXFileReference; lastKnownFileType = sourcecode.swift; path = ContentView.swift; sourceTree = "<group>"; };
		4CEE39EB5949C7C7C404455F /* ZylixApp.swift */ = {isa = PBXFileReference; lastKnownFileType = sourcecode.swift; path = ZylixApp.swift; sourceTree = "<group>"; };
		68D5815EF6AC3E7752F3CE5C /* Zylix-Bridging-Header.h */ = {isa = PBXFileReference; lastKnownFileType = sourcecode.c.h; path = "Zylix-Bridging-Header.h"; sourceTree = "<group>"; };
		A1B2C3D4E5F60002 /* TodoView.swift */ = {isa = PBXFileReference; lastKnownFileType = sourcecode.swift; path = TodoView.swift; sourceTree = "<group>"; };
		A1B2C3D4E5F60004 /* TodoViewModel.swift */ = {isa = PBXFileReference; lastKnownFileType = sourcecode.swift; path = TodoViewModel.swift; sourceTree = "<group>"; };
		B1C2D3E4F5A60002 /* TodoViewModelTests.swift */ = {isa = PBXFileReference; lastKnownFileType = sourcecode.swift; path = TodoViewModelTests.swift; sourceTree = "<group>"; };
		B1C2D3E4F5A60004 /* ZylixTests.xctest */ = {isa = PBXFileReference; includeInIndex = 0; lastKnownFileType = wrapper.cfbundle; path = ZylixTests.xctest; sourceTree = BUILT_PRODUCTS_DIR; };
		C1D2E3F4A5B60002 /* ZylixDevice.swift */ = {isa = PBXFileReference; lastKnownFileType = sourcecode.swift; path = ZylixDevice.swift; sourceTree = "<group>"; };
		C2DBDAFD8620743799661F03 /* Zylix.app */ = {isa = PBXFileReference; includeInIndex = 0; lastKnownFileType = wrapper.application; path = Zylix.app; sourceTree = BUILT_PRODUCTS_DIR; };
		D1E2F3A4B5C60002 /* DeviceTestView.swift */ = {isa = PBXFileReference; lastKnownFileType = sourcecode.swift; path = DeviceTestView.swift; sourceTree = "<group>"; };
/* End PBXFileReference section */

/* Begin PBXGroup section */
		28492E7908FFEABA4322664F = {
			isa = PBXGroup;
			children = (
				B89610221D5EB786816313F0 /* Sources */,
				B1C2D3E4F5A60005 /* ZylixTests */,
				C3B7D06E6A370E18E56C43BC /* Products */,
			);
			sourceTree = "<group>";
		};
		B1C2D3E4F5A60005 /* ZylixTests */ = {
			isa = PBXGroup;
			children = (
				B1C2D3E4F5A60002 /* TodoViewModelTests.swift */,
			);
			path = ZylixTests;
			sourceTree = "<group>";
		};
		B89610221D5EB786816313F0 /* Sources */ = {
			isa = PBXGroup;
			children = (
				37DFAA0407D4DF41AD2F392F /* ContentView.swift */,
				D1E2F3A4B5C60002 /* DeviceTestView.swift */,
				A1B2C3D4E5F60002 /* TodoView.swift */,
				A1B2C3D4E5F60004 /* TodoViewModel.swift */,
				68D5815EF6AC3E7752F3CE5C /* Zylix-Bridging-Header.h */,
				4CEE39EB5949C7C7C404455F /* ZylixApp.swift */,
				11F4569C303AADD68BECCDB1 /* ZylixBridge.swift */,
				C1D2E3F4A5B60002 /* ZylixDevice.swift */,
			);
			name = Sources;
			path = Zylix/Sources;
			sourceTree = "<group>";
		};
		C3B7D06E6A370E18E56C43BC /* Products */ = {
			isa = PBXGroup;
			children = (
				C2DBDAFD8620743799661F03 /* Zylix.app */,
				B1C2D3E4F5A60004 /* ZylixTests.xctest */,
			);
			name = Products;
			sourceTree = "<group>";
		};
/* End PBXGroup section */

/* Begin PBXNativeTarget section */
		13AD22E5E6ACD574E8DF0CE3 /* Zylix */ = {
			isa = PBXNativeTarget;
			buildConfigurationList = 12368B7580EC645659053D91 /* Build configuration list for PBXNativeTarget "Zylix" */;
			buildPhases = (
				881C657868BC44823B7A6F9B /* Build Zylix Core */,
				61B513AD5BEF7B9F523A09A9 /* Sources */,
			);
			buildRules = (
			);
			dependencies = (
			);
			name = Zylix;
			packageProductDependencies = (
			);
			productName = Zylix;
			productReference = C2DBDAFD8620743799661F03 /* Zylix.app */;
			productType = "com.apple.product-type.application";
		};
		B1C2D3E4F5A60006 /* ZylixTests */ = {
			isa = PBXNativeTarget;
			buildConfigurationList = B1C2D3E4F5A60010 /* Build configuration list for PBXNativeTarget "ZylixTests" */;
			buildPhases = (
				B1C2D3E4F5A60007 /* Sources */,
			);
			buildRules = (
			);
			dependencies = (
				B1C2D3E4F5A60008 /* PBXTargetDependency */,
			);
			name = ZylixTests;
			packageProductDependencies = (
			);
			productName = ZylixTests;
			productReference = B1C2D3E4F5A60004 /* ZylixTests.xctest */;
			productType = "com.apple.product-type.bundle.unit-test";
		};
/* End PBXNativeTarget section */

/* Begin PBXProject section */
		1BE5B4428E174D8FC8A3DE8B /* Project object */ = {
			isa = PBXProject;
			attributes = {
				BuildIndependentTargetsInParallel = YES;
				LastUpgradeCheck = 1500;
				TargetAttributes = {
					13AD22E5E6ACD574E8DF0CE3 = {
						DevelopmentTeam = "";
						ProvisioningStyle = Automatic;
					};
					B1C2D3E4F5A60006 = {
						DevelopmentTeam = "";
						ProvisioningStyle = Automatic;
						TestTargetID = 13AD22E5E6ACD574E8DF0CE3;
					};
				};
			};
			buildConfigurationList = F29C338F6541D32326F6DFF9 /* Build configuration list for PBXProject "Zylix" */;
			compatibilityVersion = "Xcode 14.0";
			developmentRegion = en;
			hasScannedForEncodings = 0;
			knownRegions = (
				Base,
				en,
			);
			mainGroup = 28492E7908FFEABA4322664F;
			minimizedProjectReferenceProxies = 1;
			preferredProjectObjectVersion = 77;
			projectDirPath = "";
			projectRoot = "";
			targets = (
				13AD22E5E6ACD574E8DF0CE3 /* Zylix */,
				B1C2D3E4F5A60006 /* ZylixTests */,
			);
		};
/* End PBXProject section */

/* Begin PBXShellScriptBuildPhase section */
		881C657868BC44823B7A6F9B /* Build Zylix Core */ = {
			isa = PBXShellScriptBuildPhase;
			alwaysOutOfDate = 1;
			buildActionMask = 2147483647;
			files = (
			);
			inputFileListPaths = (
			);
			inputPaths = (
			);
			name = "Build Zylix Core";
			outputFileListPaths = (
			);
			outputPaths = (
			);
			runOnlyForDeploymentPostprocessing = 0;
			shellPath = /bin/sh;
			shellScript = "set -e\ncd \"${PROJECT_DIR}/../../core\"\n\n# Determine target\nif [ \"${PLATFORM_NAME}\" = \"iphonesimulator\" ]; then\n  ZIG_TARGET=\"ios-sim\"\n  LIB_DIR=\"ios-simulator\"\nelse\n  ZIG_TARGET=\"ios\"\n  LIB_DIR=\"ios\"\nfi\n\n# Build Zylix Core\necho \"Building Zylix Core for ${ZIG_TARGET}...\"\nzig build ${ZIG_TARGET} -Doptimize=ReleaseFast\n\n# Copy library\nmkdir -p \"${PROJECT_DIR}/Zylix/Libraries\"\ncp \"zig-out/${LIB_DIR}/libzylix.a\" \"${PROJECT_DIR}/Zylix/Libraries/\"\necho \"Copied libzylix.a to Libraries/\"\n";
		};
/* End PBXShellScriptBuildPhase section */

/* Begin PBXSourcesBuildPhase section */
		61B513AD5BEF7B9F523A09A9 /* Sources */ = {
			isa = PBXSourcesBuildPhase;
			buildActionMask = 2147483647;
			files = (
				1E318BF58825F9A67D483247 /* ContentView.swift in Sources */,
				D1E2F3A4B5C60001 /* DeviceTestView.swift in Sources */,
				A1B2C3D4E5F60001 /* TodoView.swift in Sources */,
				A1B2C3D4E5F60003 /* TodoViewModel.swift in Sources */,
				5D18D9E84F88144FF85CCEFD /* ZylixApp.swift in Sources */,
				9D9C92F8B2710FFE33BC9A48 /* ZylixBridge.swift in Sources */,
				C1D2E3F4A5B60001 /* ZylixDevice.swift in Sources */,
			);
			runOnlyForDeploymentPostprocessing = 0;
		};
		B1C2D3E4F5A60007 /* Sources */ = {
			isa = PBXSourcesBuildPhase;
			buildActionMask = 2147483647;
			files = (
				B1C2D3E4F5A60001 /* TodoViewModelTests.swift in Sources */,
			);
			runOnlyForDeploymentPostprocessing = 0;
		};
/* End PBXSourcesBuildPhase section */

/* Begin PBXTargetDependency section */
		B1C2D3E4F5A60008 /* PBXTargetDependency */ = {
			isa = PBXTargetDependency;
			target = 13AD22E5E6ACD574E8DF0CE3 /* Zylix */;
			targetProxy = B1C2D3E4F5A60003 /* PBXContainerItemProxy */;
		};
/* End PBXTargetDependency section */

/* Begin XCBuildConfiguration section */
		10A2C18620AE2CF0465D5295 /* Release */ = {
			isa = XCBuildConfiguration;
			buildSettings = {
				ASSETCATALOG_COMPILER_APPICON_NAME = AppIcon;
				CODE_SIGN_IDENTITY = "iPhone Developer";
				DEBUG_INFORMATION_FORMAT = "dwarf-with-dsym";
				ENABLE_USER_SCRIPT_SANDBOXING = NO;
				INFOPLIST_FILE = Zylix/Resources/Info.plist;
				LD_RUNPATH_SEARCH_PATHS = (
					"$(inherited)",
					"@executable_path/Frameworks",
				);
				LIBRARY_SEARCH_PATHS = (
					"$(inherited)",
					"$(PROJECT_DIR)/Zylix/Libraries",
				);
				OTHER_LDFLAGS = (
					"-lzylix",
				);
				PRODUCT_BUNDLE_IDENTIFIER = com.zylix.app;
				SDKROOT = iphoneos;
				SWIFT_OBJC_BRIDGING_HEADER = "Zylix/Sources/Zylix-Bridging-Header.h";
				SWIFT_OPTIMIZATION_LEVEL = "-O";
				TARGETED_DEVICE_FAMILY = "1,2";
			};
			name = Release;
		};
		1F0581C217318874BA600A45 /* Debug */ = {
			isa = XCBuildConfiguration;
			buildSettings = {
				ALWAYS_SEARCH_USER_PATHS = NO;
				ARCHS = arm64;
				CLANG_ANALYZER_NONNULL = YES;
				CLANG_ANALYZER_NUMBER_OBJECT_CONVERSION = YES_AGGRESSIVE;
				CLANG_CXX_LANGUAGE_STANDARD = "gnu++14";
				CLANG_CXX_LIBRARY = "libc++";
				CLANG_ENABLE_MODULES = YES;
				CLANG_ENABLE_OBJC_ARC = YES;
				CLANG_ENABLE_OBJC_WEAK = YES;
				CLANG_WARN_BLOCK_CAPTURE_AUTORELEASING = YES;
				CLANG_WARN_BOOL_CONVERSION = YES;
				CLANG_WARN_COMMA = YES;
				CLANG_WARN_CONSTANT_CONVERSION = YES;
				CLANG_WARN_DEPRECATED_OBJC_IMPLEMENTATIONS = YES;
				CLANG_WARN_DIRECT_OBJC_ISA_USAGE = YES_ERROR;
				CLANG_WARN_DOCUMENTATION_COMMENTS = YES;
				CLANG_WARN_EMPTY_BODY = YES;
				CLANG_WARN_ENUM_CONVERSION = YES;
				CLANG_WARN_INFINITE_RECURSION = YES;
				CLANG_WARN_INT_CONVERSION = YES;
				CLANG_WARN_NON_LITERAL_NULL_CONVERSION = YES;
				CLANG_WARN_OBJC_IMPLICIT_RETAIN_SELF = YES;
				CLANG_WARN_OBJC_LITERAL_CONVERSION = YES;
				CLANG_WARN_OBJC_ROOT_CLASS = YES_ERROR;
				CLANG_WARN_QUOTED_INCLUDE_IN_FRAMEWORK_HEADER = YES;
				CLANG_WARN_RANGE_LOOP_ANALYSIS = YES;
				CLANG_WARN_STRICT_PROTOTYPES = YES;
				CLANG_WARN_SUSPICIOUS_MOVE = YES;
				CLANG_WARN_UNGUARDED_AVAILABILITY = YES_AGGRESSIVE;
				CLANG_WARN_UNREACHABLE_CODE = YES;
				CLANG_WARN__DUPLICATE_METHOD_MATCH = YES;
				CODE_SIGN_STYLE = Automatic;
				COPY_PHASE_STRIP = NO;
				DEBUG_INFORMATION_FORMAT = dwarf;
				DEVELOPMENT_TEAM = "";
				ENABLE_STRICT_OBJC_MSGSEND = YES;
				ENABLE_TESTABILITY = YES;
				"EXCLUDED_ARCHS[sdk=iphonesimulator*]" = x86_64;
				GCC_C_LANGUAGE_STANDARD = gnu11;
				GCC_DYNAMIC_NO_PIC = NO;
				GCC_NO_COMMON_BLOCKS = YES;
				GCC_OPTIMIZATION_LEVEL = 0;
				GCC_PREPROCESSOR_DEFINITIONS = (
					"$(inherited)",
					"DEBUG=1",
				);
				GCC_WARN_64_TO_32_BIT_CONVERSION = YES;
				GCC_WARN_ABOUT_RETURN_TYPE = YES_ERROR;
				GCC_WARN_UNDECLARED_SELECTOR = YES;
				GCC_WARN_UNINITIALIZED_AUTOS = YES_AGGRESSIVE;
				GCC_WARN_UNUSED_FUNCTION = YES;
				GCC_WARN_UNUSED_VARIABLE = YES;
				IPHONEOS_DEPLOYMENT_TARGET = 17.0;
				MTL_ENABLE_DEBUG_INFO = INCLUDE_SOURCE;
				MTL_FAST_MATH = YES;
				ONLY_ACTIVE_ARCH = YES;
				PRODUCT_NAME = "$(TARGET_NAME)";
				SDKROOT = iphoneos;
				SWIFT_ACTIVE_COMPILATION_CONDITIONS = DEBUG;
				SWIFT_OPTIMIZATION_LEVEL = "-Onone";
				SWIFT_VERSION = 5.9;
				TARGETED_DEVICE_FAMILY = "1,2";
			};
			name = Debug;
		};
		80FDEFBB6731516CE3D6B850 /* Release */ = {
			isa = XCBuildConfiguration;
			buildSettings = {
				ALWAYS_SEARCH_USER_PATHS = NO;
				ARCHS = arm64;
				CLANG_ANALYZER_NONNULL = YES;
				CLANG_ANALYZER_NUMBER_OBJECT_CONVERSION = YES_AGGRESSIVE;
				CLANG_CXX_LANGUAGE_STANDARD = "gnu++14";
				CLANG_CXX_LIBRARY = "libc++";
				CLANG_ENABLE_MODULES = YES;
				CLANG_ENABLE_OBJC_ARC = YES;
				CLANG_ENABLE_OBJC_WEAK = YES;
				CLANG_WARN_BLOCK_CAPTURE_AUTORELEASING = YES;
				CLANG_WARN_BOOL_CONVERSION = YES;
				CLANG_WARN_COMMA = YES;
				CLANG_WARN_CONSTANT_CONVERSION = YES;
				CLANG_WARN_DEPRECATED_OBJC_IMPLEMENTATIONS = YES;
				CLANG_WARN_DIRECT_OBJC_ISA_USAGE = YES_ERROR;
				CLANG_WARN_DOCUMENTATION_COMMENTS = YES;
				CLANG_WARN_EMPTY_BODY = YES;
				CLANG_WARN_ENUM_CONVERSION = YES;
				CLANG_WARN_INFINITE_RECURSION = YES;
				CLANG_WARN_INT_CONVERSION = YES;
				CLANG_WARN_NON_LITERAL_NULL_CONVERSION = YES;
				CLANG_WARN_OBJC_IMPLICIT_RETAIN_SELF = YES;
				CLANG_WARN_OBJC_LITERAL_CONVERSION = YES;
				CLANG_WARN_OBJC_ROOT_CLASS = YES_ERROR;
				CLANG_WARN_QUOTED_INCLUDE_IN_FRAMEWORK_HEADER = YES;
				CLANG_WARN_RANGE_LOOP_ANALYSIS = YES;
				CLANG_WARN_STRICT_PROTOTYPES = YES;
				CLANG_WARN_SUSPICIOUS_MOVE = YES;
				CLANG_WARN_UNGUARDED_AVAILABILITY = YES_AGGRESSIVE;
				CLANG_WARN_UNREACHABLE_CODE = YES;
				CLANG_WARN__DUPLICATE_METHOD_MATCH = YES;
				CODE_SIGN_STYLE = Automatic;
				COPY_PHASE_STRIP = NO;
				DEBUG_INFORMATION_FORMAT = "dwarf-with-dsym";
				DEVELOPMENT_TEAM = "";
				ENABLE_NS_ASSERTIONS = NO;
				ENABLE_STRICT_OBJC_MSGSEND = YES;
				"EXCLUDED_ARCHS[sdk=iphonesimulator*]" = x86_64;
				GCC_C_LANGUAGE_STANDARD = gnu11;
				GCC_NO_COMMON_BLOCKS = YES;
				GCC_WARN_64_TO_32_BIT_CONVERSION = YES;
				GCC_WARN_ABOUT_RETURN_TYPE = YES_ERROR;
				GCC_WARN_UNDECLARED_SELECTOR = YES;
				GCC_WARN_UNINITIALIZED_AUTOS = YES_AGGRESSIVE;
				GCC_WARN_UNUSED_FUNCTION = YES;
				GCC_WARN_UNUSED_VARIABLE = YES;
				IPHONEOS_DEPLOYMENT_TARGET = 17.0;
				MTL_ENABLE_DEBUG_INFO = NO;
				MTL_FAST_MATH = YES;
				ONLY_ACTIVE_ARCH = YES;
				PRODUCT_NAME = "$(TARGET_NAME)";
				SDKROOT = iphoneos;
				SWIFT_COMPILATION_MODE = wholemodule;
				SWIFT_OPTIMIZATION_LEVEL = "-O";
				SWIFT_VERSION = 5.9;
				TARGETED_DEVICE_FAMILY = "1,2";
			};
			name = Release;
		};
		ADFFA6D1CB0A7F7E1D83CF20 /* Debug */ = {
			isa = XCBuildConfiguration;
			buildSettings = {
				ASSETCATALOG_COMPILER_APPICON_NAME = AppIcon;
				CODE_SIGN_IDENTITY = "iPhone Developer";
				DEBUG_INFORMATION_FORMAT = "dwarf-with-dsym";
				ENABLE_USER_SCRIPT_SANDBOXING = NO;
				INFOPLIST_FILE = Zylix/Resources/Info.plist;
				LD_RUNPATH_SEARCH_PATHS = (
					"$(inherited)",
					"@executable_path/Frameworks",
				);
				LIBRARY_SEARCH_PATHS = (
					"$(inherited)",
					"$(PROJECT_DIR)/Zylix/Libraries",
				);
				OTHER_LDFLAGS = (
					"-lzylix",
				);
				PRODUCT_BUNDLE_IDENTIFIER = com.zylix.app;
				SDKROOT = iphoneos;
				SWIFT_OBJC_BRIDGING_HEADER = "Zylix/Sources/Zylix-Bridging-Header.h";
				SWIFT_OPTIMIZATION_LEVEL = "-Onone";
				TARGETED_DEVICE_FAMILY = "1,2";
			};
			name = Debug;
		};
		B1C2D3E4F5A6000A /* Debug */ = {
			isa = XCBuildConfiguration;
			buildSettings = {
				BUNDLE_LOADER = "$(TEST_HOST)";
				CODE_SIGN_STYLE = Automatic;
				DEVELOPMENT_TEAM = "";
				"EXCLUDED_ARCHS[sdk=iphonesimulator*]" = x86_64;
				GENERATE_INFOPLIST_FILE = YES;
				IPHONEOS_DEPLOYMENT_TARGET = 17.0;
				PRODUCT_BUNDLE_IDENTIFIER = com.zylix.app.tests;
				PRODUCT_NAME = "$(TARGET_NAME)";
				SDKROOT = iphoneos;
				SWIFT_EMIT_LOC_STRINGS = NO;
				SWIFT_VERSION = 5.9;
				TARGETED_DEVICE_FAMILY = "1,2";
				TEST_HOST = "$(BUILT_PRODUCTS_DIR)/Zylix.app/$(BUNDLE_EXECUTABLE_FOLDER_PATH)/Zylix";
			};
			name = Debug;
		};
		B1C2D3E4F5A6000B /* Release */ = {
			isa = XCBuildConfiguration;
			buildSettings = {
				BUNDLE_LOADER = "$(TEST_HOST)";
				CODE_SIGN_STYLE = Automatic;
				DEVELOPMENT_TEAM = "";
				"EXCLUDED_ARCHS[sdk=iphonesimulator*]" = x86_64;
				GENERATE_INFOPLIST_FILE = YES;
				IPHONEOS_DEPLOYMENT_TARGET = 17.0;
				PRODUCT_BUNDLE_IDENTIFIER = com.zylix.app.tests;
				PRODUCT_NAME = "$(TARGET_NAME)";
				SDKROOT = iphoneos;
				SWIFT_EMIT_LOC_STRINGS = NO;
				SWIFT_VERSION = 5.9;
				TARGETED_DEVICE_FAMILY = "1,2";
				TEST_HOST = "$(BUILT_PRODUCTS_DIR)/Zylix.app/$(BUNDLE_EXECUTABLE_FOLDER_PATH)/Zylix";
			};
			name = Release;
		};
/* End XCBuildConfiguration section */

/* Begin XCConfigurationList section */
		12368B7580EC645659053D91 /* Build configuration list for PBXNativeTarget "Zylix" */ = {
			isa = XCConfigurationList;
			buildConfigurations = (
				ADFFA6D1CB0A7F7E1D83CF20 /* Debug */,
				10A2C18620AE2CF0465D5295 /* Release */,
			);
			defaultConfigurationIsVisible = 0;
			defaultConfigurationName = Debug;
		};
		B1C2D3E4F5A60010 /* Build configuration list for PBXNativeTarget "ZylixTests" */ = {
			isa = XCConfigurationList;
			buildConfigurations = (
				B1C2D3E4F5A6000A /* Debug */,
				B1C2D3E4F5A6000B /* Release */,
			);
			defaultConfigurationIsVisible = 0;
			defaultConfigurationName = Debug;
		};
		F29C338F6541D32326F6DFF9 /* Build configuration list for PBXProject "Zylix" */ = {
			isa = XCConfigurationList;
			buildConfigurations = (
				1F0581C217318874BA600A45 /* Debug */,
				80FDEFBB6731516CE3D6B850 /* Release */,
			);
			defaultConfigurationIsVisible = 0;
			defaultConfigurationName = Debug;
		};
/* End XCConfigurationList section */
	};
	rootObject = 1BE5B4428E174D8FC8A3DE8B /* Project object */;
}
